
Microsoft Visual Studio Solution File, Format Version 12.00
# Visual Studio Version 16
VisualStudioVersion = 25.0.1700.5
MinimumVisualStudioVersion = 10.0.40219.1
Project("{FAE04EC0-301F-11D3-BF4B-00C04F79EFBC}") = "Derevo2", "Derevo2\Derevo2.csproj", "{EDB4B769-1A27-49CC-86BA-1B8D6CAC747B}"
EndProject
Global
	GlobalSection(SolutionConfigurationPlatforms) = preSolution
		Debug|Any CPU = Debug|Any CPU
		Release|Any CPU = Release|Any CPU
	EndGlobalSection
	GlobalSection(ProjectConfigurationPlatforms) = postSolution
		{EDB4B769-1A27-49CC-86BA-1B8D6CAC747B}.Debug|Any CPU.ActiveCfg = Debug|Any CPU
		{EDB4B769-1A27-49CC-86BA-1B8D6CAC747B}.Debug|Any CPU.Build.0 = Debug|Any CPU
		{EDB4B769-1A27-49CC-86BA-1B8D6CAC747B}.Release|Any CPU.ActiveCfg = Release|Any CPU
		{EDB4B769-1A27-49CC-86BA-1B8D6CAC747B}.Release|Any CPU.Build.0 = Release|Any CPU
	EndGlobalSection
	GlobalSection(SolutionProperties) = preSolution
		HideSolutionNode = FALSE
	EndGlobalSection
	GlobalSection(ExtensibilityGlobals) = postSolution
		SolutionGuid = {25013EF7-7C33-4147-8DC2-25E96BD480C7}
	EndGlobalSection
EndGlobal
